
Microsoft Visual Studio Solution File, Format Version 12.00
# Visual Studio Version 17
VisualStudioVersion = 17.0.31903.59
MinimumVisualStudioVersion = 10.0.40219.1
Project("{FAE04EC0-301F-11D3-BF4B-00C04F79EFBC}") = "Infrastructure", "Infrastructure\Infrastructure.csproj", "{C83193FE-A84E-4CC0-9142-B189E92C60E0}"
EndProject
Project("{FAE04EC0-301F-11D3-BF4B-00C04F79EFBC}") = "MainApp", "MainApp\MainApp.csproj", "{18E3C7CE-DD2F-47FC-A5FA-65A7E92312DE}"
EndProject
Global
	GlobalSection(SolutionConfigurationPlatforms) = preSolution
		Debug|Any CPU = Debug|Any CPU
		Debug|x64 = Debug|x64
		Debug|x86 = Debug|x86
		Release|Any CPU = Release|Any CPU
		Release|x64 = Release|x64
		Release|x86 = Release|x86
	EndGlobalSection
	GlobalSection(ProjectConfigurationPlatforms) = postSolution
		{C83193FE-A84E-4CC0-9142-B189E92C60E0}.Debug|Any CPU.ActiveCfg = Debug|Any CPU
		{C83193FE-A84E-4CC0-9142-B189E92C60E0}.Debug|Any CPU.Build.0 = Debug|Any CPU
		{C83193FE-A84E-4CC0-9142-B189E92C60E0}.Debug|x64.ActiveCfg = Debug|Any CPU
		{C83193FE-A84E-4CC0-9142-B189E92C60E0}.Debug|x64.Build.0 = Debug|Any CPU
		{C83193FE-A84E-4CC0-9142-B189E92C60E0}.Debug|x86.ActiveCfg = Debug|Any CPU
		{C83193FE-A84E-4CC0-9142-B189E92C60E0}.Debug|x86.Build.0 = Debug|Any CPU
		{C83193FE-A84E-4CC0-9142-B189E92C60E0}.Release|Any CPU.ActiveCfg = Release|Any CPU
		{C83193FE-A84E-4CC0-9142-B189E92C60E0}.Release|Any CPU.Build.0 = Release|Any CPU
		{C83193FE-A84E-4CC0-9142-B189E92C60E0}.Release|x64.ActiveCfg = Release|Any CPU
		{C83193FE-A84E-4CC0-9142-B189E92C60E0}.Release|x64.Build.0 = Release|Any CPU
		{C83193FE-A84E-4CC0-9142-B189E92C60E0}.Release|x86.ActiveCfg = Release|Any CPU
		{C83193FE-A84E-4CC0-9142-B189E92C60E0}.Release|x86.Build.0 = Release|Any CPU
		{18E3C7CE-DD2F-47FC-A5FA-65A7E92312DE}.Debug|Any CPU.ActiveCfg = Debug|Any CPU
		{18E3C7CE-DD2F-47FC-A5FA-65A7E92312DE}.Debug|Any CPU.Build.0 = Debug|Any CPU
		{18E3C7CE-DD2F-47FC-A5FA-65A7E92312DE}.Debug|x64.ActiveCfg = Debug|Any CPU
		{18E3C7CE-DD2F-47FC-A5FA-65A7E92312DE}.Debug|x64.Build.0 = Debug|Any CPU
		{18E3C7CE-DD2F-47FC-A5FA-65A7E92312DE}.Debug|x86.ActiveCfg = Debug|Any CPU
		{18E3C7CE-DD2F-47FC-A5FA-65A7E92312DE}.Debug|x86.Build.0 = Debug|Any CPU
		{18E3C7CE-DD2F-47FC-A5FA-65A7E92312DE}.Release|Any CPU.ActiveCfg = Release|Any CPU
		{18E3C7CE-DD2F-47FC-A5FA-65A7E92312DE}.Release|Any CPU.Build.0 = Release|Any CPU
		{18E3C7CE-DD2F-47FC-A5FA-65A7E92312DE}.Release|x64.ActiveCfg = Release|Any CPU
		{18E3C7CE-DD2F-47FC-A5FA-65A7E92312DE}.Release|x64.Build.0 = Release|Any CPU
		{18E3C7CE-DD2F-47FC-A5FA-65A7E92312DE}.Release|x86.ActiveCfg = Release|Any CPU
		{18E3C7CE-DD2F-47FC-A5FA-65A7E92312DE}.Release|x86.Build.0 = Release|Any CPU
	EndGlobalSection
	GlobalSection(SolutionProperties) = preSolution
		HideSolutionNode = FALSE
	EndGlobalSection
EndGlobal
